
Microsoft Visual Studio Solution File, Format Version 12.00
# Visual Studio 2015
Project("{FAE04EC0-301F-11D3-BF4B-00C04F79EFBC}") = "MyUIFrameWork.CSharp", "MyUIFrameWork.CSharp.csproj", "{558387DA-7E04-1D74-F8AA-E8ABD754DCF2}"
EndProject
Global
	GlobalSection(SolutionConfigurationPlatforms) = preSolution
		Debug|Any CPU = Debug|Any CPU
		Release|Any CPU = Release|Any CPU
	EndGlobalSection
	GlobalSection(ProjectConfigurationPlatforms) = postSolution
		{558387DA-7E04-1D74-F8AA-E8ABD754DCF2}.Debug|Any CPU.ActiveCfg = Debug|Any CPU
		{558387DA-7E04-1D74-F8AA-E8ABD754DCF2}.Debug|Any CPU.Build.0 = Debug|Any CPU
		{558387DA-7E04-1D74-F8AA-E8ABD754DCF2}.Release|Any CPU.ActiveCfg = Release|Any CPU
		{558387DA-7E04-1D74-F8AA-E8ABD754DCF2}.Release|Any CPU.Build.0 = Release|Any CPU
	EndGlobalSection
	GlobalSection(SolutionProperties) = preSolution
		HideSolutionNode = FALSE
	EndGlobalSection
EndGlobal
